
Microsoft Visual Studio Solution File, Format Version 12.00
# Visual Studio Version 17
VisualStudioVersion = 17.0.32112.339
MinimumVisualStudioVersion = 10.0.40219.1
Project("{FAE04EC0-301F-11D3-BF4B-00C04F79EFBC}") = "MortageApp.Web", "MortageApp.Web\MortageApp.Web.csproj", "{5EA7C8C7-04F9-4BF0-82D8-BD6AB974C44C}"
EndProject
Project("{FAE04EC0-301F-11D3-BF4B-00C04F79EFBC}") = "Mortgage.Services", "Mortgage.Services\Mortgage.Services.csproj", "{8A31E1BD-E571-45EC-AA68-31E8FEC1B68F}"
EndProject
Project("{FAE04EC0-301F-11D3-BF4B-00C04F79EFBC}") = "Mortgage.Data", "Mortgage.Data\Mortgage.Data.csproj", "{27C86D13-85B9-4861-A95C-F8993E4A7645}"
EndProject
Global
	GlobalSection(SolutionConfigurationPlatforms) = preSolution
		Debug|Any CPU = Debug|Any CPU
		Release|Any CPU = Release|Any CPU
	EndGlobalSection
	GlobalSection(ProjectConfigurationPlatforms) = postSolution
		{5EA7C8C7-04F9-4BF0-82D8-BD6AB974C44C}.Debug|Any CPU.ActiveCfg = Debug|Any CPU
		{5EA7C8C7-04F9-4BF0-82D8-BD6AB974C44C}.Debug|Any CPU.Build.0 = Debug|Any CPU
		{5EA7C8C7-04F9-4BF0-82D8-BD6AB974C44C}.Release|Any CPU.ActiveCfg = Release|Any CPU
		{5EA7C8C7-04F9-4BF0-82D8-BD6AB974C44C}.Release|Any CPU.Build.0 = Release|Any CPU
		{8A31E1BD-E571-45EC-AA68-31E8FEC1B68F}.Debug|Any CPU.ActiveCfg = Debug|Any CPU
		{8A31E1BD-E571-45EC-AA68-31E8FEC1B68F}.Debug|Any CPU.Build.0 = Debug|Any CPU
		{8A31E1BD-E571-45EC-AA68-31E8FEC1B68F}.Release|Any CPU.ActiveCfg = Release|Any CPU
		{8A31E1BD-E571-45EC-AA68-31E8FEC1B68F}.Release|Any CPU.Build.0 = Release|Any CPU
		{27C86D13-85B9-4861-A95C-F8993E4A7645}.Debug|Any CPU.ActiveCfg = Debug|Any CPU
		{27C86D13-85B9-4861-A95C-F8993E4A7645}.Debug|Any CPU.Build.0 = Debug|Any CPU
		{27C86D13-85B9-4861-A95C-F8993E4A7645}.Release|Any CPU.ActiveCfg = Release|Any CPU
		{27C86D13-85B9-4861-A95C-F8993E4A7645}.Release|Any CPU.Build.0 = Release|Any CPU
	EndGlobalSection
	GlobalSection(SolutionProperties) = preSolution
		HideSolutionNode = FALSE
	EndGlobalSection
	GlobalSection(ExtensibilityGlobals) = postSolution
		SolutionGuid = {4B2E76BE-5B11-4B17-B297-3A025F8D0CC2}
	EndGlobalSection
EndGlobal
